
Microsoft Visual Studio Solution File, Format Version 12.00
# Visual Studio Version 17
VisualStudioVersion = 17.7.34003.232
MinimumVisualStudioVersion = 10.0.40219.1
Project("{FAE04EC0-301F-11D3-BF4B-00C04F79EFBC}") = "5Arrays", "5Arrays\5Arrays.csproj", "{FAF3BDF2-BB06-432C-B7A6-610BC699251A}"
EndProject
Global
	GlobalSection(SolutionConfigurationPlatforms) = preSolution
		Debug|Any CPU = Debug|Any CPU
		Release|Any CPU = Release|Any CPU
	EndGlobalSection
	GlobalSection(ProjectConfigurationPlatforms) = postSolution
		{FAF3BDF2-BB06-432C-B7A6-610BC699251A}.Debug|Any CPU.ActiveCfg = Debug|Any CPU
		{FAF3BDF2-BB06-432C-B7A6-610BC699251A}.Debug|Any CPU.Build.0 = Debug|Any CPU
		{FAF3BDF2-BB06-432C-B7A6-610BC699251A}.Release|Any CPU.ActiveCfg = Release|Any CPU
		{FAF3BDF2-BB06-432C-B7A6-610BC699251A}.Release|Any CPU.Build.0 = Release|Any CPU
	EndGlobalSection
	GlobalSection(SolutionProperties) = preSolution
		HideSolutionNode = FALSE
	EndGlobalSection
	GlobalSection(ExtensibilityGlobals) = postSolution
		SolutionGuid = {B1313730-6B27-4FED-9759-A36BA631AA08}
	EndGlobalSection
EndGlobal
