
Microsoft Visual Studio Solution File, Format Version 12.00
# Visual Studio Version 17
VisualStudioVersion = 17.7.34003.232
MinimumVisualStudioVersion = 10.0.40219.1
Project("{FAE04EC0-301F-11D3-BF4B-00C04F79EFBC}") = "4Statements", "4Statements\4Statements.csproj", "{83B4052C-10DB-437A-B340-5E203FD56ECF}"
EndProject
Global
	GlobalSection(SolutionConfigurationPlatforms) = preSolution
		Debug|Any CPU = Debug|Any CPU
		Release|Any CPU = Release|Any CPU
	EndGlobalSection
	GlobalSection(ProjectConfigurationPlatforms) = postSolution
		{83B4052C-10DB-437A-B340-5E203FD56ECF}.Debug|Any CPU.ActiveCfg = Debug|Any CPU
		{83B4052C-10DB-437A-B340-5E203FD56ECF}.Debug|Any CPU.Build.0 = Debug|Any CPU
		{83B4052C-10DB-437A-B340-5E203FD56ECF}.Release|Any CPU.ActiveCfg = Release|Any CPU
		{83B4052C-10DB-437A-B340-5E203FD56ECF}.Release|Any CPU.Build.0 = Release|Any CPU
	EndGlobalSection
	GlobalSection(SolutionProperties) = preSolution
		HideSolutionNode = FALSE
	EndGlobalSection
	GlobalSection(ExtensibilityGlobals) = postSolution
		SolutionGuid = {BEF1ED48-5145-4B11-AE94-C3C9AE6364BE}
	EndGlobalSection
EndGlobal
