
Microsoft Visual Studio Solution File, Format Version 12.00
# Visual Studio Version 17
VisualStudioVersion = 17.5.33516.290
MinimumVisualStudioVersion = 10.0.40219.1
Project("{FAE04EC0-301F-11D3-BF4B-00C04F79EFBC}") = "1_Types_of_Class", "1_Types_of_Class\1_Types_of_Class.csproj", "{7433F676-75CA-4291-9584-7E3E59ED8C60}"
EndProject
Project("{FAE04EC0-301F-11D3-BF4B-00C04F79EFBC}") = "2_Generics", "2_Generics\2_Generics.csproj", "{7FC0868B-2E2D-49C7-BBA4-6529D102E08A}"
EndProject
Project("{FAE04EC0-301F-11D3-BF4B-00C04F79EFBC}") = "2_1_Generics_Stack", "2_1_Generics_Stack\2_1_Generics_Stack.csproj", "{EDAD849B-8EB0-4FE0-961C-2133E3797286}"
EndProject
Project("{FAE04EC0-301F-11D3-BF4B-00C04F79EFBC}") = "GenericList", "GenericList\GenericList\GenericList.csproj", "{209B1BB4-FE75-4E98-B191-E718BFEF1EB2}"
EndProject
Project("{FAE04EC0-301F-11D3-BF4B-00C04F79EFBC}") = "GenericDictionary", "GenericDictionary\GenericDictionary\GenericDictionary.csproj", "{C855D7B8-5230-466D-859A-3E331E3689AD}"
EndProject
Project("{FAE04EC0-301F-11D3-BF4B-00C04F79EFBC}") = "3_File_System", "3_File_System\3_File_System.csproj", "{A838D72C-DCE5-4E1E-A3C6-A20421E76E40}"
EndProject
Project("{FAE04EC0-301F-11D3-BF4B-00C04F79EFBC}") = "4_Serialization", "4_Serialization\4_Serialization.csproj", "{8B9EE8AD-820C-47B9-9D5E-2BF49C705EE6}"
EndProject
Global
	GlobalSection(SolutionConfigurationPlatforms) = preSolution
		Debug|Any CPU = Debug|Any CPU
		Release|Any CPU = Release|Any CPU
	EndGlobalSection
	GlobalSection(ProjectConfigurationPlatforms) = postSolution
		{7433F676-75CA-4291-9584-7E3E59ED8C60}.Debug|Any CPU.ActiveCfg = Debug|Any CPU
		{7433F676-75CA-4291-9584-7E3E59ED8C60}.Debug|Any CPU.Build.0 = Debug|Any CPU
		{7433F676-75CA-4291-9584-7E3E59ED8C60}.Release|Any CPU.ActiveCfg = Release|Any CPU
		{7433F676-75CA-4291-9584-7E3E59ED8C60}.Release|Any CPU.Build.0 = Release|Any CPU
		{7FC0868B-2E2D-49C7-BBA4-6529D102E08A}.Debug|Any CPU.ActiveCfg = Debug|Any CPU
		{7FC0868B-2E2D-49C7-BBA4-6529D102E08A}.Debug|Any CPU.Build.0 = Debug|Any CPU
		{7FC0868B-2E2D-49C7-BBA4-6529D102E08A}.Release|Any CPU.ActiveCfg = Release|Any CPU
		{7FC0868B-2E2D-49C7-BBA4-6529D102E08A}.Release|Any CPU.Build.0 = Release|Any CPU
		{EDAD849B-8EB0-4FE0-961C-2133E3797286}.Debug|Any CPU.ActiveCfg = Debug|Any CPU
		{EDAD849B-8EB0-4FE0-961C-2133E3797286}.Debug|Any CPU.Build.0 = Debug|Any CPU
		{EDAD849B-8EB0-4FE0-961C-2133E3797286}.Release|Any CPU.ActiveCfg = Release|Any CPU
		{EDAD849B-8EB0-4FE0-961C-2133E3797286}.Release|Any CPU.Build.0 = Release|Any CPU
		{209B1BB4-FE75-4E98-B191-E718BFEF1EB2}.Debug|Any CPU.ActiveCfg = Debug|Any CPU
		{209B1BB4-FE75-4E98-B191-E718BFEF1EB2}.Debug|Any CPU.Build.0 = Debug|Any CPU
		{209B1BB4-FE75-4E98-B191-E718BFEF1EB2}.Release|Any CPU.ActiveCfg = Release|Any CPU
		{209B1BB4-FE75-4E98-B191-E718BFEF1EB2}.Release|Any CPU.Build.0 = Release|Any CPU
		{C855D7B8-5230-466D-859A-3E331E3689AD}.Debug|Any CPU.ActiveCfg = Debug|Any CPU
		{C855D7B8-5230-466D-859A-3E331E3689AD}.Debug|Any CPU.Build.0 = Debug|Any CPU
		{C855D7B8-5230-466D-859A-3E331E3689AD}.Release|Any CPU.ActiveCfg = Release|Any CPU
		{C855D7B8-5230-466D-859A-3E331E3689AD}.Release|Any CPU.Build.0 = Release|Any CPU
		{A838D72C-DCE5-4E1E-A3C6-A20421E76E40}.Debug|Any CPU.ActiveCfg = Debug|Any CPU
		{A838D72C-DCE5-4E1E-A3C6-A20421E76E40}.Debug|Any CPU.Build.0 = Debug|Any CPU
		{A838D72C-DCE5-4E1E-A3C6-A20421E76E40}.Release|Any CPU.ActiveCfg = Release|Any CPU
		{A838D72C-DCE5-4E1E-A3C6-A20421E76E40}.Release|Any CPU.Build.0 = Release|Any CPU
		{8B9EE8AD-820C-47B9-9D5E-2BF49C705EE6}.Debug|Any CPU.ActiveCfg = Debug|Any CPU
		{8B9EE8AD-820C-47B9-9D5E-2BF49C705EE6}.Debug|Any CPU.Build.0 = Debug|Any CPU
		{8B9EE8AD-820C-47B9-9D5E-2BF49C705EE6}.Release|Any CPU.ActiveCfg = Release|Any CPU
		{8B9EE8AD-820C-47B9-9D5E-2BF49C705EE6}.Release|Any CPU.Build.0 = Release|Any CPU
	EndGlobalSection
	GlobalSection(SolutionProperties) = preSolution
		HideSolutionNode = FALSE
	EndGlobalSection
	GlobalSection(ExtensibilityGlobals) = postSolution
		SolutionGuid = {F58839B5-C366-464F-972A-D544A8844407}
	EndGlobalSection
EndGlobal
