
Microsoft Visual Studio Solution File, Format Version 12.00
# Visual Studio Version 17
VisualStudioVersion = 17.5.33516.290
MinimumVisualStudioVersion = 10.0.40219.1
Project("{FAE04EC0-301F-11D3-BF4B-00C04F79EFBC}") = "1_Types_of_Class", "1_Types_of_Class\1_Types_of_Class.csproj", "{7433F676-75CA-4291-9584-7E3E59ED8C60}"
EndProject
Project("{FAE04EC0-301F-11D3-BF4B-00C04F79EFBC}") = "2_Generics", "2_Generics\2_Generics.csproj", "{7FC0868B-2E2D-49C7-BBA4-6529D102E08A}"
EndProject
Project("{FAE04EC0-301F-11D3-BF4B-00C04F79EFBC}") = "GenericList", "GenericList\GenericList\GenericList.csproj", "{209B1BB4-FE75-4E98-B191-E718BFEF1EB2}"
EndProject
Project("{FAE04EC0-301F-11D3-BF4B-00C04F79EFBC}") = "GenericDictionary", "GenericDictionary\GenericDictionary\GenericDictionary.csproj", "{C855D7B8-5230-466D-859A-3E331E3689AD}"
EndProject
Project("{FAE04EC0-301F-11D3-BF4B-00C04F79EFBC}") = "3_File_System", "3_File_System\3_File_System.csproj", "{A838D72C-DCE5-4E1E-A3C6-A20421E76E40}"
EndProject
Project("{FAE04EC0-301F-11D3-BF4B-00C04F79EFBC}") = "4_Serialization", "4_Serialization\4_Serialization.csproj", "{8B9EE8AD-820C-47B9-9D5E-2BF49C705EE6}"
EndProject
Project("{FAE04EC0-301F-11D3-BF4B-00C04F79EFBC}") = "9_ORM_Tool", "9_ORM_Tool\9_ORM_Tool.csproj", "{BED30691-CB59-4F6D-8A9B-9D71DA35780A}"
EndProject
Project("{FAE04EC0-301F-11D3-BF4B-00C04F79EFBC}") = "6_Lambda_Expression", "6_Lambda_Expression\6_Lambda_Expression.csproj", "{1647A695-6AFD-400B-A1D1-340ACE54A661}"
EndProject
Project("{9A19103F-16F7-4668-BE54-9A1E7A4F7556}") = "8_LINQ", "8_LINQ\8_LINQ.csproj", "{37CFCF33-0042-4E75-96D4-A866E2B3D68C}"
EndProject
Project("{9A19103F-16F7-4668-BE54-9A1E7A4F7556}") = "7_Extension_Methods", "7_Extension_Methods\7_Extension_Methods.csproj", "{2CCC706C-5106-43DF-AF8B-3480B5BED7C7}"
EndProject
Project("{FAE04EC0-301F-11D3-BF4B-00C04F79EFBC}") = "10_Cryptography", "10_Cryptography\10_Cryptography.csproj", "{5E49DFDB-CFF7-42EE-A443-0502A2FAF2CE}"
EndProject
Project("{9A19103F-16F7-4668-BE54-9A1E7A4F7556}") = "11_Dynamic", "11_Dynamic\11_Dynamic.csproj", "{8154D23E-9EB1-4C0A-A284-FA3DEAB45F9A}"
EndProject
Project("{9A19103F-16F7-4668-BE54-9A1E7A4F7556}") = "5_1_Uses_My_Base_Library", "5_1_Uses_My_Base_Library\5_1_Uses_My_Base_Library.csproj", "{30B59F9B-5D73-493A-84F0-D5AA401D7585}"
EndProject
Project("{FAE04EC0-301F-11D3-BF4B-00C04F79EFBC}") = "12_Database_With_CRUD", "12_Database_With_CRUD\12_Database_With_CRUD.csproj", "{3F01056F-BD30-446A-B368-2561C69E963B}"
EndProject
Project("{FAE04EC0-301F-11D3-BF4B-00C04F79EFBC}") = "5_MyBaseLibrary", "5_MyBaseLibrary\5_MyBaseLibrary.csproj", "{B4179D4A-5B7C-40EF-AA4F-6FB8AC96E1BB}"
EndProject
Global
	GlobalSection(SolutionConfigurationPlatforms) = preSolution
		Debug|Any CPU = Debug|Any CPU
		Release|Any CPU = Release|Any CPU
	EndGlobalSection
	GlobalSection(ProjectConfigurationPlatforms) = postSolution
		{7433F676-75CA-4291-9584-7E3E59ED8C60}.Debug|Any CPU.ActiveCfg = Debug|Any CPU
		{7433F676-75CA-4291-9584-7E3E59ED8C60}.Debug|Any CPU.Build.0 = Debug|Any CPU
		{7433F676-75CA-4291-9584-7E3E59ED8C60}.Release|Any CPU.ActiveCfg = Release|Any CPU
		{7433F676-75CA-4291-9584-7E3E59ED8C60}.Release|Any CPU.Build.0 = Release|Any CPU
		{7FC0868B-2E2D-49C7-BBA4-6529D102E08A}.Debug|Any CPU.ActiveCfg = Debug|Any CPU
		{7FC0868B-2E2D-49C7-BBA4-6529D102E08A}.Debug|Any CPU.Build.0 = Debug|Any CPU
		{7FC0868B-2E2D-49C7-BBA4-6529D102E08A}.Release|Any CPU.ActiveCfg = Release|Any CPU
		{7FC0868B-2E2D-49C7-BBA4-6529D102E08A}.Release|Any CPU.Build.0 = Release|Any CPU
		{209B1BB4-FE75-4E98-B191-E718BFEF1EB2}.Debug|Any CPU.ActiveCfg = Debug|Any CPU
		{209B1BB4-FE75-4E98-B191-E718BFEF1EB2}.Debug|Any CPU.Build.0 = Debug|Any CPU
		{209B1BB4-FE75-4E98-B191-E718BFEF1EB2}.Release|Any CPU.ActiveCfg = Release|Any CPU
		{209B1BB4-FE75-4E98-B191-E718BFEF1EB2}.Release|Any CPU.Build.0 = Release|Any CPU
		{C855D7B8-5230-466D-859A-3E331E3689AD}.Debug|Any CPU.ActiveCfg = Debug|Any CPU
		{C855D7B8-5230-466D-859A-3E331E3689AD}.Debug|Any CPU.Build.0 = Debug|Any CPU
		{C855D7B8-5230-466D-859A-3E331E3689AD}.Release|Any CPU.ActiveCfg = Release|Any CPU
		{C855D7B8-5230-466D-859A-3E331E3689AD}.Release|Any CPU.Build.0 = Release|Any CPU
		{A838D72C-DCE5-4E1E-A3C6-A20421E76E40}.Debug|Any CPU.ActiveCfg = Debug|Any CPU
		{A838D72C-DCE5-4E1E-A3C6-A20421E76E40}.Debug|Any CPU.Build.0 = Debug|Any CPU
		{A838D72C-DCE5-4E1E-A3C6-A20421E76E40}.Release|Any CPU.ActiveCfg = Release|Any CPU
		{A838D72C-DCE5-4E1E-A3C6-A20421E76E40}.Release|Any CPU.Build.0 = Release|Any CPU
		{8B9EE8AD-820C-47B9-9D5E-2BF49C705EE6}.Debug|Any CPU.ActiveCfg = Debug|Any CPU
		{8B9EE8AD-820C-47B9-9D5E-2BF49C705EE6}.Debug|Any CPU.Build.0 = Debug|Any CPU
		{8B9EE8AD-820C-47B9-9D5E-2BF49C705EE6}.Release|Any CPU.ActiveCfg = Release|Any CPU
		{8B9EE8AD-820C-47B9-9D5E-2BF49C705EE6}.Release|Any CPU.Build.0 = Release|Any CPU
		{BED30691-CB59-4F6D-8A9B-9D71DA35780A}.Debug|Any CPU.ActiveCfg = Debug|Any CPU
		{BED30691-CB59-4F6D-8A9B-9D71DA35780A}.Debug|Any CPU.Build.0 = Debug|Any CPU
		{BED30691-CB59-4F6D-8A9B-9D71DA35780A}.Release|Any CPU.ActiveCfg = Release|Any CPU
		{BED30691-CB59-4F6D-8A9B-9D71DA35780A}.Release|Any CPU.Build.0 = Release|Any CPU
		{1647A695-6AFD-400B-A1D1-340ACE54A661}.Debug|Any CPU.ActiveCfg = Debug|Any CPU
		{1647A695-6AFD-400B-A1D1-340ACE54A661}.Debug|Any CPU.Build.0 = Debug|Any CPU
		{1647A695-6AFD-400B-A1D1-340ACE54A661}.Release|Any CPU.ActiveCfg = Release|Any CPU
		{1647A695-6AFD-400B-A1D1-340ACE54A661}.Release|Any CPU.Build.0 = Release|Any CPU
		{37CFCF33-0042-4E75-96D4-A866E2B3D68C}.Debug|Any CPU.ActiveCfg = Debug|Any CPU
		{37CFCF33-0042-4E75-96D4-A866E2B3D68C}.Debug|Any CPU.Build.0 = Debug|Any CPU
		{37CFCF33-0042-4E75-96D4-A866E2B3D68C}.Release|Any CPU.ActiveCfg = Release|Any CPU
		{37CFCF33-0042-4E75-96D4-A866E2B3D68C}.Release|Any CPU.Build.0 = Release|Any CPU
		{2CCC706C-5106-43DF-AF8B-3480B5BED7C7}.Debug|Any CPU.ActiveCfg = Debug|Any CPU
		{2CCC706C-5106-43DF-AF8B-3480B5BED7C7}.Debug|Any CPU.Build.0 = Debug|Any CPU
		{2CCC706C-5106-43DF-AF8B-3480B5BED7C7}.Release|Any CPU.ActiveCfg = Release|Any CPU
		{2CCC706C-5106-43DF-AF8B-3480B5BED7C7}.Release|Any CPU.Build.0 = Release|Any CPU
		{5E49DFDB-CFF7-42EE-A443-0502A2FAF2CE}.Debug|Any CPU.ActiveCfg = Debug|Any CPU
		{5E49DFDB-CFF7-42EE-A443-0502A2FAF2CE}.Debug|Any CPU.Build.0 = Debug|Any CPU
		{5E49DFDB-CFF7-42EE-A443-0502A2FAF2CE}.Release|Any CPU.ActiveCfg = Release|Any CPU
		{5E49DFDB-CFF7-42EE-A443-0502A2FAF2CE}.Release|Any CPU.Build.0 = Release|Any CPU
		{8154D23E-9EB1-4C0A-A284-FA3DEAB45F9A}.Debug|Any CPU.ActiveCfg = Debug|Any CPU
		{8154D23E-9EB1-4C0A-A284-FA3DEAB45F9A}.Debug|Any CPU.Build.0 = Debug|Any CPU
		{8154D23E-9EB1-4C0A-A284-FA3DEAB45F9A}.Release|Any CPU.ActiveCfg = Release|Any CPU
		{8154D23E-9EB1-4C0A-A284-FA3DEAB45F9A}.Release|Any CPU.Build.0 = Release|Any CPU
		{30B59F9B-5D73-493A-84F0-D5AA401D7585}.Debug|Any CPU.ActiveCfg = Debug|Any CPU
		{30B59F9B-5D73-493A-84F0-D5AA401D7585}.Debug|Any CPU.Build.0 = Debug|Any CPU
		{30B59F9B-5D73-493A-84F0-D5AA401D7585}.Release|Any CPU.ActiveCfg = Release|Any CPU
		{30B59F9B-5D73-493A-84F0-D5AA401D7585}.Release|Any CPU.Build.0 = Release|Any CPU
		{3F01056F-BD30-446A-B368-2561C69E963B}.Debug|Any CPU.ActiveCfg = Debug|Any CPU
		{3F01056F-BD30-446A-B368-2561C69E963B}.Debug|Any CPU.Build.0 = Debug|Any CPU
		{3F01056F-BD30-446A-B368-2561C69E963B}.Release|Any CPU.ActiveCfg = Release|Any CPU
		{3F01056F-BD30-446A-B368-2561C69E963B}.Release|Any CPU.Build.0 = Release|Any CPU
		{B4179D4A-5B7C-40EF-AA4F-6FB8AC96E1BB}.Debug|Any CPU.ActiveCfg = Debug|Any CPU
		{B4179D4A-5B7C-40EF-AA4F-6FB8AC96E1BB}.Debug|Any CPU.Build.0 = Debug|Any CPU
		{B4179D4A-5B7C-40EF-AA4F-6FB8AC96E1BB}.Release|Any CPU.ActiveCfg = Release|Any CPU
		{B4179D4A-5B7C-40EF-AA4F-6FB8AC96E1BB}.Release|Any CPU.Build.0 = Release|Any CPU
	EndGlobalSection
	GlobalSection(SolutionProperties) = preSolution
		HideSolutionNode = FALSE
	EndGlobalSection
	GlobalSection(ExtensibilityGlobals) = postSolution
		SolutionGuid = {F58839B5-C366-464F-972A-D544A8844407}
	EndGlobalSection
EndGlobal
