
Microsoft Visual Studio Solution File, Format Version 12.00
# Visual Studio Version 17
VisualStudioVersion = 17.7.34003.232
MinimumVisualStudioVersion = 10.0.40219.1
Project("{FAE04EC0-301F-11D3-BF4B-00C04F79EFBC}") = "MovieAPI", "MovieAPI\MovieAPI.csproj", "{730521AE-B1A4-4F0F-8827-4635445FC44A}"
EndProject
Global
	GlobalSection(SolutionConfigurationPlatforms) = preSolution
		Debug|Any CPU = Debug|Any CPU
		Release|Any CPU = Release|Any CPU
	EndGlobalSection
	GlobalSection(ProjectConfigurationPlatforms) = postSolution
		{730521AE-B1A4-4F0F-8827-4635445FC44A}.Debug|Any CPU.ActiveCfg = Debug|Any CPU
		{730521AE-B1A4-4F0F-8827-4635445FC44A}.Debug|Any CPU.Build.0 = Debug|Any CPU
		{730521AE-B1A4-4F0F-8827-4635445FC44A}.Release|Any CPU.ActiveCfg = Release|Any CPU
		{730521AE-B1A4-4F0F-8827-4635445FC44A}.Release|Any CPU.Build.0 = Release|Any CPU
	EndGlobalSection
	GlobalSection(SolutionProperties) = preSolution
		HideSolutionNode = FALSE
	EndGlobalSection
	GlobalSection(ExtensibilityGlobals) = postSolution
		SolutionGuid = {BA5E5E93-2E44-4927-AB2F-1FB5695AEAFB}
	EndGlobalSection
EndGlobal
