
Microsoft Visual Studio Solution File, Format Version 12.00
# Visual Studio Version 17
VisualStudioVersion = 17.7.34003.232
MinimumVisualStudioVersion = 10.0.40219.1
Project("{FAE04EC0-301F-11D3-BF4B-00C04F79EFBC}") = "2DatatypesAndVariables", "2DatatypesAndVariables.csproj", "{6CDC47DC-F3A1-4E07-86EB-AF4A47360637}"
EndProject
Global
	GlobalSection(SolutionConfigurationPlatforms) = preSolution
		Debug|Any CPU = Debug|Any CPU
		Release|Any CPU = Release|Any CPU
	EndGlobalSection
	GlobalSection(ProjectConfigurationPlatforms) = postSolution
		{6CDC47DC-F3A1-4E07-86EB-AF4A47360637}.Debug|Any CPU.ActiveCfg = Debug|Any CPU
		{6CDC47DC-F3A1-4E07-86EB-AF4A47360637}.Debug|Any CPU.Build.0 = Debug|Any CPU
		{6CDC47DC-F3A1-4E07-86EB-AF4A47360637}.Release|Any CPU.ActiveCfg = Release|Any CPU
		{6CDC47DC-F3A1-4E07-86EB-AF4A47360637}.Release|Any CPU.Build.0 = Release|Any CPU
	EndGlobalSection
	GlobalSection(SolutionProperties) = preSolution
		HideSolutionNode = FALSE
	EndGlobalSection
	GlobalSection(ExtensibilityGlobals) = postSolution
		SolutionGuid = {FE57B767-6AB4-4DAF-88E0-81A6BB3AC1AA}
	EndGlobalSection
EndGlobal
